// !$*UTF8*$!
{
	archiveVersion = 1;
	classes = {
	};
	objectVersion = 50;
	objects = {

/* Begin PBXBuildFile section */
		A403D216242836AF00F02EE1 /* TimerView.swift in Sources */ = {isa = PBXBuildFile; fileRef = A403D215242836AF00F02EE1 /* TimerView.swift */; };
		A403D217242836AF00F02EE1 /* TimerView.swift in Sources */ = {isa = PBXBuildFile; fileRef = A403D215242836AF00F02EE1 /* TimerView.swift */; };
		A403D218242836AF00F02EE1 /* TimerView.swift in Sources */ = {isa = PBXBuildFile; fileRef = A403D215242836AF00F02EE1 /* TimerView.swift */; };
		A4D49E602411C175002518E0 /* AppDelegate.swift in Sources */ = {isa = PBXBuildFile; fileRef = A4D49E5F2411C175002518E0 /* AppDelegate.swift */; };
		A4D49E622411C175002518E0 /* SceneDelegate.swift in Sources */ = {isa = PBXBuildFile; fileRef = A4D49E612411C175002518E0 /* SceneDelegate.swift */; };
		A4D49E642411C175002518E0 /* ViewController.swift in Sources */ = {isa = PBXBuildFile; fileRef = A4D49E632411C175002518E0 /* ViewController.swift */; };
		A4D49E672411C175002518E0 /* Main.storyboard in Resources */ = {isa = PBXBuildFile; fileRef = A4D49E652411C175002518E0 /* Main.storyboard */; };
		A4D49E692411C178002518E0 /* Assets.xcassets in Resources */ = {isa = PBXBuildFile; fileRef = A4D49E682411C178002518E0 /* Assets.xcassets */; };
		A4D49E6C2411C178002518E0 /* LaunchScreen.storyboard in Resources */ = {isa = PBXBuildFile; fileRef = A4D49E6A2411C178002518E0 /* LaunchScreen.storyboard */; };
		A4D49E772411C178002518E0 /* LabelFormatterTest.swift in Sources */ = {isa = PBXBuildFile; fileRef = A4D49E762411C178002518E0 /* LabelFormatterTest.swift */; };
		A4D49E822411C178002518E0 /* newCliffHeightTimerUITests.swift in Sources */ = {isa = PBXBuildFile; fileRef = A4D49E812411C178002518E0 /* newCliffHeightTimerUITests.swift */; };
		A4D49E90241AF6C3002518E0 /* LabelFormatter.swift in Sources */ = {isa = PBXBuildFile; fileRef = A4D49E8F241AF6C3002518E0 /* LabelFormatter.swift */; };
/* End PBXBuildFile section */

/* Begin PBXContainerItemProxy section */
		A4D49E732411C178002518E0 /* PBXContainerItemProxy */ = {
			isa = PBXContainerItemProxy;
			containerPortal = A4D49E542411C175002518E0 /* Project object */;
			proxyType = 1;
			remoteGlobalIDString = A4D49E5B2411C175002518E0;
			remoteInfo = newCliffHeightTimer;
		};
		A4D49E7E2411C178002518E0 /* PBXContainerItemProxy */ = {
			isa = PBXContainerItemProxy;
			containerPortal = A4D49E542411C175002518E0 /* Project object */;
			proxyType = 1;
			remoteGlobalIDString = A4D49E5B2411C175002518E0;
			remoteInfo = newCliffHeightTimer;
		};
/* End PBXContainerItemProxy section */

/* Begin PBXFileReference section */
		A403D215242836AF00F02EE1 /* TimerView.swift */ = {isa = PBXFileReference; lastKnownFileType = sourcecode.swift; path = TimerView.swift; sourceTree = "<group>"; };
		A4D49E5C2411C175002518E0 /* newCliffHeightTimer.app */ = {isa = PBXFileReference; explicitFileType = wrapper.application; includeInIndex = 0; path = newCliffHeightTimer.app; sourceTree = BUILT_PRODUCTS_DIR; };
		A4D49E5F2411C175002518E0 /* AppDelegate.swift */ = {isa = PBXFileReference; lastKnownFileType = sourcecode.swift; path = AppDelegate.swift; sourceTree = "<group>"; };
		A4D49E612411C175002518E0 /* SceneDelegate.swift */ = {isa = PBXFileReference; lastKnownFileType = sourcecode.swift; path = SceneDelegate.swift; sourceTree = "<group>"; };
		A4D49E632411C175002518E0 /* ViewController.swift */ = {isa = PBXFileReference; lastKnownFileType = sourcecode.swift; path = ViewController.swift; sourceTree = "<group>"; };
		A4D49E662411C175002518E0 /* Base */ = {isa = PBXFileReference; lastKnownFileType = file.storyboard; name = Base; path = Base.lproj/Main.storyboard; sourceTree = "<group>"; };
		A4D49E682411C178002518E0 /* Assets.xcassets */ = {isa = PBXFileReference; lastKnownFileType = folder.assetcatalog; path = Assets.xcassets; sourceTree = "<group>"; };
		A4D49E6B2411C178002518E0 /* Base */ = {isa = PBXFileReference; lastKnownFileType = file.storyboard; name = Base; path = Base.lproj/LaunchScreen.storyboard; sourceTree = "<group>"; };
		A4D49E6D2411C178002518E0 /* Info.plist */ = {isa = PBXFileReference; lastKnownFileType = text.plist.xml; path = Info.plist; sourceTree = "<group>"; };
		A4D49E722411C178002518E0 /* newCliffHeightTimerTests.xctest */ = {isa = PBXFileReference; explicitFileType = wrapper.cfbundle; includeInIndex = 0; path = newCliffHeightTimerTests.xctest; sourceTree = BUILT_PRODUCTS_DIR; };
		A4D49E762411C178002518E0 /* LabelFormatterTest.swift */ = {isa = PBXFileReference; lastKnownFileType = sourcecode.swift; path = LabelFormatterTest.swift; sourceTree = "<group>"; };
		A4D49E782411C178002518E0 /* Info.plist */ = {isa = PBXFileReference; lastKnownFileType = text.plist.xml; path = Info.plist; sourceTree = "<group>"; };
		A4D49E7D2411C178002518E0 /* newCliffHeightTimerUITests.xctest */ = {isa = PBXFileReference; explicitFileType = wrapper.cfbundle; includeInIndex = 0; path = newCliffHeightTimerUITests.xctest; sourceTree = BUILT_PRODUCTS_DIR; };
		A4D49E812411C178002518E0 /* newCliffHeightTimerUITests.swift */ = {isa = PBXFileReference; lastKnownFileType = sourcecode.swift; path = newCliffHeightTimerUITests.swift; sourceTree = "<group>"; };
		A4D49E832411C178002518E0 /* Info.plist */ = {isa = PBXFileReference; lastKnownFileType = text.plist.xml; path = Info.plist; sourceTree = "<group>"; };
		A4D49E8F241AF6C3002518E0 /* LabelFormatter.swift */ = {isa = PBXFileReference; lastKnownFileType = sourcecode.swift; path = LabelFormatter.swift; sourceTree = "<group>"; };
/* End PBXFileReference section */

/* Begin PBXFrameworksBuildPhase section */
		A4D49E592411C175002518E0 /* Frameworks */ = {
			isa = PBXFrameworksBuildPhase;
			buildActionMask = 2147483647;
			files = (
			);
			runOnlyForDeploymentPostprocessing = 0;
		};
		A4D49E6F2411C178002518E0 /* Frameworks */ = {
			isa = PBXFrameworksBuildPhase;
			buildActionMask = 2147483647;
			files = (
			);
			runOnlyForDeploymentPostprocessing = 0;
		};
		A4D49E7A2411C178002518E0 /* Frameworks */ = {
			isa = PBXFrameworksBuildPhase;
			buildActionMask = 2147483647;
			files = (
			);
			runOnlyForDeploymentPostprocessing = 0;
		};
/* End PBXFrameworksBuildPhase section */

/* Begin PBXGroup section */
		A4D49E532411C175002518E0 = {
			isa = PBXGroup;
			children = (
				A4D49E5E2411C175002518E0 /* newCliffHeightTimer */,
				A4D49E752411C178002518E0 /* newCliffHeightTimerTests */,
				A4D49E802411C178002518E0 /* newCliffHeightTimerUITests */,
				A4D49E5D2411C175002518E0 /* Products */,
			);
			sourceTree = "<group>";
		};
		A4D49E5D2411C175002518E0 /* Products */ = {
			isa = PBXGroup;
			children = (
				A4D49E5C2411C175002518E0 /* newCliffHeightTimer.app */,
				A4D49E722411C178002518E0 /* newCliffHeightTimerTests.xctest */,
				A4D49E7D2411C178002518E0 /* newCliffHeightTimerUITests.xctest */,
			);
			name = Products;
			sourceTree = "<group>";
		};
		A4D49E5E2411C175002518E0 /* newCliffHeightTimer */ = {
			isa = PBXGroup;
			children = (
				A4D49E5F2411C175002518E0 /* AppDelegate.swift */,
				A4D49E612411C175002518E0 /* SceneDelegate.swift */,
				A4D49E632411C175002518E0 /* ViewController.swift */,
				A403D215242836AF00F02EE1 /* TimerView.swift */,
				A4D49E652411C175002518E0 /* Main.storyboard */,
				A4D49E682411C178002518E0 /* Assets.xcassets */,
				A4D49E6A2411C178002518E0 /* LaunchScreen.storyboard */,
				A4D49E6D2411C178002518E0 /* Info.plist */,
				A4D49E8F241AF6C3002518E0 /* LabelFormatter.swift */,
			);
			path = newCliffHeightTimer;
			sourceTree = "<group>";
		};
		A4D49E752411C178002518E0 /* newCliffHeightTimerTests */ = {
			isa = PBXGroup;
			children = (
				A4D49E762411C178002518E0 /* LabelFormatterTest.swift */,
				A4D49E782411C178002518E0 /* Info.plist */,
			);
			path = newCliffHeightTimerTests;
			sourceTree = "<group>";
		};
		A4D49E802411C178002518E0 /* newCliffHeightTimerUITests */ = {
			isa = PBXGroup;
			children = (
				A4D49E812411C178002518E0 /* newCliffHeightTimerUITests.swift */,
				A4D49E832411C178002518E0 /* Info.plist */,
			);
			path = newCliffHeightTimerUITests;
			sourceTree = "<group>";
		};
/* End PBXGroup section */

/* Begin PBXNativeTarget section */
		A4D49E5B2411C175002518E0 /* newCliffHeightTimer */ = {
			isa = PBXNativeTarget;
			buildConfigurationList = A4D49E862411C178002518E0 /* Build configuration list for PBXNativeTarget "newCliffHeightTimer" */;
			buildPhases = (
				A4D49E582411C175002518E0 /* Sources */,
				A4D49E592411C175002518E0 /* Frameworks */,
				A4D49E5A2411C175002518E0 /* Resources */,
			);
			buildRules = (
			);
			dependencies = (
			);
			name = newCliffHeightTimer;
			productName = newCliffHeightTimer;
			productReference = A4D49E5C2411C175002518E0 /* newCliffHeightTimer.app */;
			productType = "com.apple.product-type.application";
		};
		A4D49E712411C178002518E0 /* newCliffHeightTimerTests */ = {
			isa = PBXNativeTarget;
			buildConfigurationList = A4D49E892411C178002518E0 /* Build configuration list for PBXNativeTarget "newCliffHeightTimerTests" */;
			buildPhases = (
				A4D49E6E2411C178002518E0 /* Sources */,
				A4D49E6F2411C178002518E0 /* Frameworks */,
				A4D49E702411C178002518E0 /* Resources */,
			);
			buildRules = (
			);
			dependencies = (
				A4D49E742411C178002518E0 /* PBXTargetDependency */,
			);
			name = newCliffHeightTimerTests;
			productName = newCliffHeightTimerTests;
			productReference = A4D49E722411C178002518E0 /* newCliffHeightTimerTests.xctest */;
			productType = "com.apple.product-type.bundle.unit-test";
		};
		A4D49E7C2411C178002518E0 /* newCliffHeightTimerUITests */ = {
			isa = PBXNativeTarget;
			buildConfigurationList = A4D49E8C2411C178002518E0 /* Build configuration list for PBXNativeTarget "newCliffHeightTimerUITests" */;
			buildPhases = (
				A4D49E792411C178002518E0 /* Sources */,
				A4D49E7A2411C178002518E0 /* Frameworks */,
				A4D49E7B2411C178002518E0 /* Resources */,
			);
			buildRules = (
			);
			dependencies = (
				A4D49E7F2411C178002518E0 /* PBXTargetDependency */,
			);
			name = newCliffHeightTimerUITests;
			productName = newCliffHeightTimerUITests;
			productReference = A4D49E7D2411C178002518E0 /* newCliffHeightTimerUITests.xctest */;
			productType = "com.apple.product-type.bundle.ui-testing";
		};
/* End PBXNativeTarget section */

/* Begin PBXProject section */
		A4D49E542411C175002518E0 /* Project object */ = {
			isa = PBXProject;
			attributes = {
				LastSwiftUpdateCheck = 1130;
				LastUpgradeCheck = 1130;
				ORGANIZATIONNAME = "Zach Becker";
				TargetAttributes = {
					A4D49E5B2411C175002518E0 = {
						CreatedOnToolsVersion = 11.3.1;
					};
					A4D49E712411C178002518E0 = {
						CreatedOnToolsVersion = 11.3.1;
						TestTargetID = A4D49E5B2411C175002518E0;
					};
					A4D49E7C2411C178002518E0 = {
						CreatedOnToolsVersion = 11.3.1;
						TestTargetID = A4D49E5B2411C175002518E0;
					};
				};
			};
			buildConfigurationList = A4D49E572411C175002518E0 /* Build configuration list for PBXProject "newCliffHeightTimer" */;
			compatibilityVersion = "Xcode 9.3";
			developmentRegion = en;
			hasScannedForEncodings = 0;
			knownRegions = (
				en,
				Base,
			);
			mainGroup = A4D49E532411C175002518E0;
			productRefGroup = A4D49E5D2411C175002518E0 /* Products */;
			projectDirPath = "";
			projectRoot = "";
			targets = (
				A4D49E5B2411C175002518E0 /* newCliffHeightTimer */,
				A4D49E712411C178002518E0 /* newCliffHeightTimerTests */,
				A4D49E7C2411C178002518E0 /* newCliffHeightTimerUITests */,
			);
		};
/* End PBXProject section */

/* Begin PBXResourcesBuildPhase section */
		A4D49E5A2411C175002518E0 /* Resources */ = {
			isa = PBXResourcesBuildPhase;
			buildActionMask = 2147483647;
			files = (
				A4D49E6C2411C178002518E0 /* LaunchScreen.storyboard in Resources */,
				A4D49E692411C178002518E0 /* Assets.xcassets in Resources */,
				A4D49E672411C175002518E0 /* Main.storyboard in Resources */,
			);
			runOnlyForDeploymentPostprocessing = 0;
		};
		A4D49E702411C178002518E0 /* Resources */ = {
			isa = PBXResourcesBuildPhase;
			buildActionMask = 2147483647;
			files = (
			);
			runOnlyForDeploymentPostprocessing = 0;
		};
		A4D49E7B2411C178002518E0 /* Resources */ = {
			isa = PBXResourcesBuildPhase;
			buildActionMask = 2147483647;
			files = (
			);
			runOnlyForDeploymentPostprocessing = 0;
		};
/* End PBXResourcesBuildPhase section */

/* Begin PBXSourcesBuildPhase section */
		A4D49E582411C175002518E0 /* Sources */ = {
			isa = PBXSourcesBuildPhase;
			buildActionMask = 2147483647;
			files = (
				A403D216242836AF00F02EE1 /* TimerView.swift in Sources */,
				A4D49E642411C175002518E0 /* ViewController.swift in Sources */,
				A4D49E602411C175002518E0 /* AppDelegate.swift in Sources */,
				A4D49E90241AF6C3002518E0 /* LabelFormatter.swift in Sources */,
				A4D49E622411C175002518E0 /* SceneDelegate.swift in Sources */,
			);
			runOnlyForDeploymentPostprocessing = 0;
		};
		A4D49E6E2411C178002518E0 /* Sources */ = {
			isa = PBXSourcesBuildPhase;
			buildActionMask = 2147483647;
			files = (
				A403D217242836AF00F02EE1 /* TimerView.swift in Sources */,
				A4D49E772411C178002518E0 /* LabelFormatterTest.swift in Sources */,
			);
			runOnlyForDeploymentPostprocessing = 0;
		};
		A4D49E792411C178002518E0 /* Sources */ = {
			isa = PBXSourcesBuildPhase;
			buildActionMask = 2147483647;
			files = (
				A403D218242836AF00F02EE1 /* TimerView.swift in Sources */,
				A4D49E822411C178002518E0 /* newCliffHeightTimerUITests.swift in Sources */,
			);
			runOnlyForDeploymentPostprocessing = 0;
		};
/* End PBXSourcesBuildPhase section */

/* Begin PBXTargetDependency section */
		A4D49E742411C178002518E0 /* PBXTargetDependency */ = {
			isa = PBXTargetDependency;
			target = A4D49E5B2411C175002518E0 /* newCliffHeightTimer */;
			targetProxy = A4D49E732411C178002518E0 /* PBXContainerItemProxy */;
		};
		A4D49E7F2411C178002518E0 /* PBXTargetDependency */ = {
			isa = PBXTargetDependency;
			target = A4D49E5B2411C175002518E0 /* newCliffHeightTimer */;
			targetProxy = A4D49E7E2411C178002518E0 /* PBXContainerItemProxy */;
		};
/* End PBXTargetDependency section */

/* Begin PBXVariantGroup section */
		A4D49E652411C175002518E0 /* Main.storyboard */ = {
			isa = PBXVariantGroup;
			children = (
				A4D49E662411C175002518E0 /* Base */,
			);
			name = Main.storyboard;
			sourceTree = "<group>";
		};
		A4D49E6A2411C178002518E0 /* LaunchScreen.storyboard */ = {
			isa = PBXVariantGroup;
			children = (
				A4D49E6B2411C178002518E0 /* Base */,
			);
			name = LaunchScreen.storyboard;
			sourceTree = "<group>";
		};
/* End PBXVariantGroup section */

/* Begin XCBuildConfiguration section */
		A4D49E842411C178002518E0 /* Debug */ = {
			isa = XCBuildConfiguration;
			buildSettings = {
				ALWAYS_SEARCH_USER_PATHS = NO;
				CLANG_ANALYZER_NONNULL = YES;
				CLANG_ANALYZER_NUMBER_OBJECT_CONVERSION = YES_AGGRESSIVE;
				CLANG_CXX_LANGUAGE_STANDARD = "gnu++14";
				CLANG_CXX_LIBRARY = "libc++";
				CLANG_ENABLE_MODULES = YES;
				CLANG_ENABLE_OBJC_ARC = YES;
				CLANG_ENABLE_OBJC_WEAK = YES;
				CLANG_WARN_BLOCK_CAPTURE_AUTORELEASING = YES;
				CLANG_WARN_BOOL_CONVERSION = YES;
				CLANG_WARN_COMMA = YES;
				CLANG_WARN_CONSTANT_CONVERSION = YES;
				CLANG_WARN_DEPRECATED_OBJC_IMPLEMENTATIONS = YES;
				CLANG_WARN_DIRECT_OBJC_ISA_USAGE = YES_ERROR;
				CLANG_WARN_DOCUMENTATION_COMMENTS = YES;
				CLANG_WARN_EMPTY_BODY = YES;
				CLANG_WARN_ENUM_CONVERSION = YES;
				CLANG_WARN_INFINITE_RECURSION = YES;
				CLANG_WARN_INT_CONVERSION = YES;
				CLANG_WARN_NON_LITERAL_NULL_CONVERSION = YES;
				CLANG_WARN_OBJC_IMPLICIT_RETAIN_SELF = YES;
				CLANG_WARN_OBJC_LITERAL_CONVERSION = YES;
				CLANG_WARN_OBJC_ROOT_CLASS = YES_ERROR;
				CLANG_WARN_RANGE_LOOP_ANALYSIS = YES;
				CLANG_WARN_STRICT_PROTOTYPES = YES;
				CLANG_WARN_SUSPICIOUS_MOVE = YES;
				CLANG_WARN_UNGUARDED_AVAILABILITY = YES_AGGRESSIVE;
				CLANG_WARN_UNREACHABLE_CODE = YES;
				CLANG_WARN__DUPLICATE_METHOD_MATCH = YES;
				COPY_PHASE_STRIP = NO;
				DEBUG_INFORMATION_FORMAT = dwarf;
				ENABLE_STRICT_OBJC_MSGSEND = YES;
				ENABLE_TESTABILITY = YES;
				GCC_C_LANGUAGE_STANDARD = gnu11;
				GCC_DYNAMIC_NO_PIC = NO;
				GCC_NO_COMMON_BLOCKS = YES;
				GCC_OPTIMIZATION_LEVEL = 0;
				GCC_PREPROCESSOR_DEFINITIONS = (
					"DEBUG=1",
					"$(inherited)",
				);
				GCC_WARN_64_TO_32_BIT_CONVERSION = YES;
				GCC_WARN_ABOUT_RETURN_TYPE = YES_ERROR;
				GCC_WARN_UNDECLARED_SELECTOR = YES;
				GCC_WARN_UNINITIALIZED_AUTOS = YES_AGGRESSIVE;
				GCC_WARN_UNUSED_FUNCTION = YES;
				GCC_WARN_UNUSED_VARIABLE = YES;
				IPHONEOS_DEPLOYMENT_TARGET = 13.2;
				MTL_ENABLE_DEBUG_INFO = INCLUDE_SOURCE;
				MTL_FAST_MATH = YES;
				ONLY_ACTIVE_ARCH = YES;
				SDKROOT = iphoneos;
				SWIFT_ACTIVE_COMPILATION_CONDITIONS = DEBUG;
				SWIFT_OPTIMIZATION_LEVEL = "-Onone";
			};
			name = Debug;
		};
		A4D49E852411C178002518E0 /* Release */ = {
			isa = XCBuildConfiguration;
			buildSettings = {
				ALWAYS_SEARCH_USER_PATHS = NO;
				CLANG_ANALYZER_NONNULL = YES;
				CLANG_ANALYZER_NUMBER_OBJECT_CONVERSION = YES_AGGRESSIVE;
				CLANG_CXX_LANGUAGE_STANDARD = "gnu++14";
				CLANG_CXX_LIBRARY = "libc++";
				CLANG_ENABLE_MODULES = YES;
				CLANG_ENABLE_OBJC_ARC = YES;
				CLANG_ENABLE_OBJC_WEAK = YES;
				CLANG_WARN_BLOCK_CAPTURE_AUTORELEASING = YES;
				CLANG_WARN_BOOL_CONVERSION = YES;
				CLANG_WARN_COMMA = YES;
				CLANG_WARN_CONSTANT_CONVERSION = YES;
				CLANG_WARN_DEPRECATED_OBJC_IMPLEMENTATIONS = YES;
				CLANG_WARN_DIRECT_OBJC_ISA_USAGE = YES_ERROR;
				CLANG_WARN_DOCUMENTATION_COMMENTS = YES;
				CLANG_WARN_EMPTY_BODY = YES;
				CLANG_WARN_ENUM_CONVERSION = YES;
				CLANG_WARN_INFINITE_RECURSION = YES;
				CLANG_WARN_INT_CONVERSION = YES;
				CLANG_WARN_NON_LITERAL_NULL_CONVERSION = YES;
				CLANG_WARN_OBJC_IMPLICIT_RETAIN_SELF = YES;
				CLANG_WARN_OBJC_LITERAL_CONVERSION = YES;
				CLANG_WARN_OBJC_ROOT_CLASS = YES_ERROR;
				CLANG_WARN_RANGE_LOOP_ANALYSIS = YES;
				CLANG_WARN_STRICT_PROTOTYPES = YES;
				CLANG_WARN_SUSPICIOUS_MOVE = YES;
				CLANG_WARN_UNGUARDED_AVAILABILITY = YES_AGGRESSIVE;
				CLANG_WARN_UNREACHABLE_CODE = YES;
				CLANG_WARN__DUPLICATE_METHOD_MATCH = YES;
				COPY_PHASE_STRIP = NO;
				DEBUG_INFORMATION_FORMAT = "dwarf-with-dsym";
				ENABLE_NS_ASSERTIONS = NO;
				ENABLE_STRICT_OBJC_MSGSEND = YES;
				GCC_C_LANGUAGE_STANDARD = gnu11;
				GCC_NO_COMMON_BLOCKS = YES;
				GCC_WARN_64_TO_32_BIT_CONVERSION = YES;
				GCC_WARN_ABOUT_RETURN_TYPE = YES_ERROR;
				GCC_WARN_UNDECLARED_SELECTOR = YES;
				GCC_WARN_UNINITIALIZED_AUTOS = YES_AGGRESSIVE;
				GCC_WARN_UNUSED_FUNCTION = YES;
				GCC_WARN_UNUSED_VARIABLE = YES;
				IPHONEOS_DEPLOYMENT_TARGET = 13.2;
				MTL_ENABLE_DEBUG_INFO = NO;
				MTL_FAST_MATH = YES;
				SDKROOT = iphoneos;
				SWIFT_COMPILATION_MODE = wholemodule;
				SWIFT_OPTIMIZATION_LEVEL = "-O";
				VALIDATE_PRODUCT = YES;
			};
			name = Release;
		};
		A4D49E872411C178002518E0 /* Debug */ = {
			isa = XCBuildConfiguration;
			buildSettings = {
				ASSETCATALOG_COMPILER_APPICON_NAME = AppIcon;
				CODE_SIGN_STYLE = Automatic;
				DEVELOPMENT_TEAM = BC6QRHJVV7;
				INFOPLIST_FILE = newCliffHeightTimer/Info.plist;
				IPHONEOS_DEPLOYMENT_TARGET = 13.1;
				LD_RUNPATH_SEARCH_PATHS = (
					"$(inherited)",
					"@executable_path/Frameworks",
				);
				PRODUCT_BUNDLE_IDENTIFIER = com.docmisterio.newCliffHeightTimer;
				PRODUCT_NAME = "$(TARGET_NAME)";
				SWIFT_VERSION = 5.0;
				TARGETED_DEVICE_FAMILY = "1,2";
			};
			name = Debug;
		};
		A4D49E882411C178002518E0 /* Release */ = {
			isa = XCBuildConfiguration;
			buildSettings = {
				ASSETCATALOG_COMPILER_APPICON_NAME = AppIcon;
				CODE_SIGN_STYLE = Automatic;
				DEVELOPMENT_TEAM = BC6QRHJVV7;
				INFOPLIST_FILE = newCliffHeightTimer/Info.plist;
				IPHONEOS_DEPLOYMENT_TARGET = 13.1;
				LD_RUNPATH_SEARCH_PATHS = (
					"$(inherited)",
					"@executable_path/Frameworks",
				);
				PRODUCT_BUNDLE_IDENTIFIER = com.docmisterio.newCliffHeightTimer;
				PRODUCT_NAME = "$(TARGET_NAME)";
				SWIFT_VERSION = 5.0;
				TARGETED_DEVICE_FAMILY = "1,2";
			};
			name = Release;
		};
		A4D49E8A2411C178002518E0 /* Debug */ = {
			isa = XCBuildConfiguration;
			buildSettings = {
				ALWAYS_EMBED_SWIFT_STANDARD_LIBRARIES = YES;
				BUNDLE_LOADER = "$(TEST_HOST)";
				CODE_SIGN_STYLE = Automatic;
				DEVELOPMENT_TEAM = BC6QRHJVV7;
				INFOPLIST_FILE = newCliffHeightTimerTests/Info.plist;
				IPHONEOS_DEPLOYMENT_TARGET = 13.2;
				LD_RUNPATH_SEARCH_PATHS = (
					"$(inherited)",
					"@executable_path/Frameworks",
					"@loader_path/Frameworks",
				);
				PRODUCT_BUNDLE_IDENTIFIER = com.docmisterio.newCliffHeightTimerTests;
				PRODUCT_NAME = "$(TARGET_NAME)";
				SWIFT_VERSION = 5.0;
				TARGETED_DEVICE_FAMILY = "1,2";
				TEST_HOST = "$(BUILT_PRODUCTS_DIR)/newCliffHeightTimer.app/newCliffHeightTimer";
			};
			name = Debug;
		};
		A4D49E8B2411C178002518E0 /* Release */ = {
			isa = XCBuildConfiguration;
			buildSettings = {
				ALWAYS_EMBED_SWIFT_STANDARD_LIBRARIES = YES;
				BUNDLE_LOADER = "$(TEST_HOST)";
				CODE_SIGN_STYLE = Automatic;
				DEVELOPMENT_TEAM = BC6QRHJVV7;
				INFOPLIST_FILE = newCliffHeightTimerTests/Info.plist;
				IPHONEOS_DEPLOYMENT_TARGET = 13.2;
				LD_RUNPATH_SEARCH_PATHS = (
					"$(inherited)",
					"@executable_path/Frameworks",
					"@loader_path/Frameworks",
				);
				PRODUCT_BUNDLE_IDENTIFIER = com.docmisterio.newCliffHeightTimerTests;
				PRODUCT_NAME = "$(TARGET_NAME)";
				SWIFT_VERSION = 5.0;
				TARGETED_DEVICE_FAMILY = "1,2";
				TEST_HOST = "$(BUILT_PRODUCTS_DIR)/newCliffHeightTimer.app/newCliffHeightTimer";
			};
			name = Release;
		};
		A4D49E8D2411C178002518E0 /* Debug */ = {
			isa = XCBuildConfiguration;
			buildSettings = {
				ALWAYS_EMBED_SWIFT_STANDARD_LIBRARIES = YES;
				CODE_SIGN_STYLE = Automatic;
				DEVELOPMENT_TEAM = BC6QRHJVV7;
				INFOPLIST_FILE = newCliffHeightTimerUITests/Info.plist;
				LD_RUNPATH_SEARCH_PATHS = (
					"$(inherited)",
					"@executable_path/Frameworks",
					"@loader_path/Frameworks",
				);
				PRODUCT_BUNDLE_IDENTIFIER = com.docmisterio.newCliffHeightTimerUITests;
				PRODUCT_NAME = "$(TARGET_NAME)";
				SWIFT_VERSION = 5.0;
				TARGETED_DEVICE_FAMILY = "1,2";
				TEST_TARGET_NAME = newCliffHeightTimer;
			};
			name = Debug;
		};
		A4D49E8E2411C178002518E0 /* Release */ = {
			isa = XCBuildConfiguration;
			buildSettings = {
				ALWAYS_EMBED_SWIFT_STANDARD_LIBRARIES = YES;
				CODE_SIGN_STYLE = Automatic;
				DEVELOPMENT_TEAM = BC6QRHJVV7;
				INFOPLIST_FILE = newCliffHeightTimerUITests/Info.plist;
				LD_RUNPATH_SEARCH_PATHS = (
					"$(inherited)",
					"@executable_path/Frameworks",
					"@loader_path/Frameworks",
				);
				PRODUCT_BUNDLE_IDENTIFIER = com.docmisterio.newCliffHeightTimerUITests;
				PRODUCT_NAME = "$(TARGET_NAME)";
				SWIFT_VERSION = 5.0;
				TARGETED_DEVICE_FAMILY = "1,2";
				TEST_TARGET_NAME = newCliffHeightTimer;
			};
			name = Release;
		};
/* End XCBuildConfiguration section */

/* Begin XCConfigurationList section */
		A4D49E572411C175002518E0 /* Build configuration list for PBXProject "newCliffHeightTimer" */ = {
			isa = XCConfigurationList;
			buildConfigurations = (
				A4D49E842411C178002518E0 /* Debug */,
				A4D49E852411C178002518E0 /* Release */,
			);
			defaultConfigurationIsVisible = 0;
			defaultConfigurationName = Release;
		};
		A4D49E862411C178002518E0 /* Build configuration list for PBXNativeTarget "newCliffHeightTimer" */ = {
			isa = XCConfigurationList;
			buildConfigurations = (
				A4D49E872411C178002518E0 /* Debug */,
				A4D49E882411C178002518E0 /* Release */,
			);
			defaultConfigurationIsVisible = 0;
			defaultConfigurationName = Release;
		};
		A4D49E892411C178002518E0 /* Build configuration list for PBXNativeTarget "newCliffHeightTimerTests" */ = {
			isa = XCConfigurationList;
			buildConfigurations = (
				A4D49E8A2411C178002518E0 /* Debug */,
				A4D49E8B2411C178002518E0 /* Release */,
			);
			defaultConfigurationIsVisible = 0;
			defaultConfigurationName = Release;
		};
		A4D49E8C2411C178002518E0 /* Build configuration list for PBXNativeTarget "newCliffHeightTimerUITests" */ = {
			isa = XCConfigurationList;
			buildConfigurations = (
				A4D49E8D2411C178002518E0 /* Debug */,
				A4D49E8E2411C178002518E0 /* Release */,
			);
			defaultConfigurationIsVisible = 0;
			defaultConfigurationName = Release;
		};
/* End XCConfigurationList section */
	};
	rootObject = A4D49E542411C175002518E0 /* Project object */;
}
